
Microsoft Visual Studio Solution File, Format Version 12.00
# Visual Studio Version 17
VisualStudioVersion = 17.14.36623.8 d17.14
MinimumVisualStudioVersion = 10.0.40219.1
Project("{FAE04EC0-301F-11D3-BF4B-00C04F79EFBC}") = "Actividad Unidad 3", "Actividad Unidad 3\Actividad Unidad 3.csproj", "{FFAF3858-0AF8-4963-89CA-93EE8CAEF0E6}"
EndProject
Global
	GlobalSection(SolutionConfigurationPlatforms) = preSolution
		Debug|Any CPU = Debug|Any CPU
		Release|Any CPU = Release|Any CPU
	EndGlobalSection
	GlobalSection(ProjectConfigurationPlatforms) = postSolution
		{FFAF3858-0AF8-4963-89CA-93EE8CAEF0E6}.Debug|Any CPU.ActiveCfg = Debug|Any CPU
		{FFAF3858-0AF8-4963-89CA-93EE8CAEF0E6}.Debug|Any CPU.Build.0 = Debug|Any CPU
		{FFAF3858-0AF8-4963-89CA-93EE8CAEF0E6}.Release|Any CPU.ActiveCfg = Release|Any CPU
		{FFAF3858-0AF8-4963-89CA-93EE8CAEF0E6}.Release|Any CPU.Build.0 = Release|Any CPU
	EndGlobalSection
	GlobalSection(SolutionProperties) = preSolution
		HideSolutionNode = FALSE
	EndGlobalSection
	GlobalSection(ExtensibilityGlobals) = postSolution
		SolutionGuid = {264F7628-9B92-4999-BD37-A56DD41520A1}
	EndGlobalSection
EndGlobal
